
Microsoft Visual Studio Solution File, Format Version 12.00
# Visual Studio Version 16
VisualStudioVersion = 16.0.29728.190
MinimumVisualStudioVersion = 10.0.40219.1
Project("{9A19103F-16F7-4668-BE54-9A1E7A4F7556}") = "ChappiePokeAPI", "ChappiePokeAPI\ChappiePokeAPI.csproj", "{46671067-A68B-48F2-B1E1-667502FA7C0A}"
EndProject
Project("{9A19103F-16F7-4668-BE54-9A1E7A4F7556}") = "Models", "EntityModels\Models.csproj", "{4AE6B92D-C908-4699-A704-F1540D03E780}"
EndProject
Project("{9A19103F-16F7-4668-BE54-9A1E7A4F7556}") = "HelperVariables", "HelperMethods\HelperVariables.csproj", "{39E0551A-E16A-4165-8CAE-1D9A1615EA4B}"
EndProject
Global
	GlobalSection(SolutionConfigurationPlatforms) = preSolution
		Debug|Any CPU = Debug|Any CPU
		Release|Any CPU = Release|Any CPU
	EndGlobalSection
	GlobalSection(ProjectConfigurationPlatforms) = postSolution
		{46671067-A68B-48F2-B1E1-667502FA7C0A}.Debug|Any CPU.ActiveCfg = Debug|Any CPU
		{46671067-A68B-48F2-B1E1-667502FA7C0A}.Debug|Any CPU.Build.0 = Debug|Any CPU
		{46671067-A68B-48F2-B1E1-667502FA7C0A}.Release|Any CPU.ActiveCfg = Release|Any CPU
		{46671067-A68B-48F2-B1E1-667502FA7C0A}.Release|Any CPU.Build.0 = Release|Any CPU
		{4AE6B92D-C908-4699-A704-F1540D03E780}.Debug|Any CPU.ActiveCfg = Debug|Any CPU
		{4AE6B92D-C908-4699-A704-F1540D03E780}.Debug|Any CPU.Build.0 = Debug|Any CPU
		{4AE6B92D-C908-4699-A704-F1540D03E780}.Release|Any CPU.ActiveCfg = Release|Any CPU
		{4AE6B92D-C908-4699-A704-F1540D03E780}.Release|Any CPU.Build.0 = Release|Any CPU
		{39E0551A-E16A-4165-8CAE-1D9A1615EA4B}.Debug|Any CPU.ActiveCfg = Debug|Any CPU
		{39E0551A-E16A-4165-8CAE-1D9A1615EA4B}.Debug|Any CPU.Build.0 = Debug|Any CPU
		{39E0551A-E16A-4165-8CAE-1D9A1615EA4B}.Release|Any CPU.ActiveCfg = Release|Any CPU
		{39E0551A-E16A-4165-8CAE-1D9A1615EA4B}.Release|Any CPU.Build.0 = Release|Any CPU
	EndGlobalSection
	GlobalSection(SolutionProperties) = preSolution
		HideSolutionNode = FALSE
	EndGlobalSection
	GlobalSection(ExtensibilityGlobals) = postSolution
		SolutionGuid = {1FBCAE4F-9A9B-47AC-9EC6-5B83D8E26C1C}
	EndGlobalSection
EndGlobal
